
Microsoft Visual Studio Solution File, Format Version 12.00
# Visual Studio 14
VisualStudioVersion = 14.0.25420.1
MinimumVisualStudioVersion = 10.0.40219.1
Project("{FAE04EC0-301F-11D3-BF4B-00C04F79EFBC}") = "StyleFileCreator.App", "StyleFileCreator.App\StyleFileCreator.App.csproj", "{0465A375-DD4B-4EAD-BE48-0C8E6C525A5C}"
EndProject
Project("{FAE04EC0-301F-11D3-BF4B-00C04F79EFBC}") = "StyleFileCreator", "StyleFileCreator\StyleFileCreator.csproj", "{C37767BB-18E6-4743-A5EC-1D7F2B38F487}"
EndProject
Project("{2150E333-8FDC-42A3-9474-1A3956D46DE8}") = "Solution Items", "Solution Items", "{A3FF7E0D-5FE3-4CE0-B237-8DF7BD041340}"
	ProjectSection(SolutionItems) = preProject
		LICENSE.md = LICENSE.md
		README.md = README.md
		TestDb.mdb = TestDb.mdb
	EndProjectSection
EndProject
Global
	GlobalSection(SolutionConfigurationPlatforms) = preSolution
		Debug|Any CPU = Debug|Any CPU
		Release|Any CPU = Release|Any CPU
	EndGlobalSection
	GlobalSection(ProjectConfigurationPlatforms) = postSolution
		{0465A375-DD4B-4EAD-BE48-0C8E6C525A5C}.Debug|Any CPU.ActiveCfg = Debug|Any CPU
		{0465A375-DD4B-4EAD-BE48-0C8E6C525A5C}.Debug|Any CPU.Build.0 = Debug|Any CPU
		{0465A375-DD4B-4EAD-BE48-0C8E6C525A5C}.Release|Any CPU.ActiveCfg = Release|Any CPU
		{0465A375-DD4B-4EAD-BE48-0C8E6C525A5C}.Release|Any CPU.Build.0 = Release|Any CPU
		{C37767BB-18E6-4743-A5EC-1D7F2B38F487}.Debug|Any CPU.ActiveCfg = Debug|Any CPU
		{C37767BB-18E6-4743-A5EC-1D7F2B38F487}.Debug|Any CPU.Build.0 = Debug|Any CPU
		{C37767BB-18E6-4743-A5EC-1D7F2B38F487}.Release|Any CPU.ActiveCfg = Release|Any CPU
		{C37767BB-18E6-4743-A5EC-1D7F2B38F487}.Release|Any CPU.Build.0 = Release|Any CPU
	EndGlobalSection
	GlobalSection(SolutionProperties) = preSolution
		HideSolutionNode = FALSE
	EndGlobalSection
EndGlobal
